// !$*UTF8*$!
{
	archiveVersion = 1;
	classes = {
	};
	objectVersion = 50;
	objects = {

/* Begin PBXBuildFile section */
		2617BBA5247E3CE900F17AB1 /* AppDelegate.swift in Sources */ = {isa = PBXBuildFile; fileRef = 2617BBA4247E3CE900F17AB1 /* AppDelegate.swift */; };
		2617BBA7247E3CE900F17AB1 /* SceneDelegate.swift in Sources */ = {isa = PBXBuildFile; fileRef = 2617BBA6247E3CE900F17AB1 /* SceneDelegate.swift */; };
		2617BBA9247E3CE900F17AB1 /* MainViewController.swift in Sources */ = {isa = PBXBuildFile; fileRef = 2617BBA8247E3CE900F17AB1 /* MainViewController.swift */; };
		2617BBAC247E3CE900F17AB1 /* Main.storyboard in Resources */ = {isa = PBXBuildFile; fileRef = 2617BBAA247E3CE900F17AB1 /* Main.storyboard */; };
		2617BBAF247E3CE900F17AB1 /* Recipiner.xcdatamodeld in Sources */ = {isa = PBXBuildFile; fileRef = 2617BBAD247E3CE900F17AB1 /* Recipiner.xcdatamodeld */; };
		2617BBB1247E3CEC00F17AB1 /* Assets.xcassets in Resources */ = {isa = PBXBuildFile; fileRef = 2617BBB0247E3CEC00F17AB1 /* Assets.xcassets */; };
		2617BBB4247E3CEC00F17AB1 /* LaunchScreen.storyboard in Resources */ = {isa = PBXBuildFile; fileRef = 2617BBB2247E3CEC00F17AB1 /* LaunchScreen.storyboard */; };
		2617BBC0247E3D7B00F17AB1 /* RecipeClient.swift in Sources */ = {isa = PBXBuildFile; fileRef = 2617BBBF247E3D7B00F17AB1 /* RecipeClient.swift */; };
		2617BBC3247E3DAD00F17AB1 /* RecipeResponse.swift in Sources */ = {isa = PBXBuildFile; fileRef = 2617BBC2247E3DAD00F17AB1 /* RecipeResponse.swift */; };
		2617BBC6247E3EF400F17AB1 /* FavoriteTableViewController.swift in Sources */ = {isa = PBXBuildFile; fileRef = 2617BBC5247E3EF400F17AB1 /* FavoriteTableViewController.swift */; };
		2617BBC8247E3F2A00F17AB1 /* FavoriteCollectionViewController.swift in Sources */ = {isa = PBXBuildFile; fileRef = 2617BBC7247E3F2A00F17AB1 /* FavoriteCollectionViewController.swift */; };
		2617BBCA247E3F4E00F17AB1 /* DetailViewController.swift in Sources */ = {isa = PBXBuildFile; fileRef = 2617BBC9247E3F4E00F17AB1 /* DetailViewController.swift */; };
		2617BBCC247EB7A100F17AB1 /* ErrorResponse.swift in Sources */ = {isa = PBXBuildFile; fileRef = 2617BBCB247EB7A100F17AB1 /* ErrorResponse.swift */; };
		265E9638247EFC7100197B24 /* bk.swiftx in Sources */ = {isa = PBXBuildFile; fileRef = 265E9637247EFC7100197B24 /* bk.swiftx */; };
		265E963B247F121400197B24 /* Recipe+Extension.swift in Sources */ = {isa = PBXBuildFile; fileRef = 265E963A247F121400197B24 /* Recipe+Extension.swift */; };
		265E963F247F2C2300197B24 /* RecipeTableCell.swift in Sources */ = {isa = PBXBuildFile; fileRef = 265E963E247F2C2300197B24 /* RecipeTableCell.swift */; };
		265E9642247F2C7900197B24 /* Cell.swift in Sources */ = {isa = PBXBuildFile; fileRef = 265E9641247F2C7900197B24 /* Cell.swift */; };
		265E9644247F373500197B24 /* RecipeCollectionCell.swift in Sources */ = {isa = PBXBuildFile; fileRef = 265E9643247F373500197B24 /* RecipeCollectionCell.swift */; };
		265E9647247F38EE00197B24 /* UICollectionView+Extension.swift in Sources */ = {isa = PBXBuildFile; fileRef = 265E9646247F38EE00197B24 /* UICollectionView+Extension.swift */; };
/* End PBXBuildFile section */

/* Begin PBXFileReference section */
		2617BBA1247E3CE900F17AB1 /* Recipiner.app */ = {isa = PBXFileReference; explicitFileType = wrapper.application; includeInIndex = 0; path = Recipiner.app; sourceTree = BUILT_PRODUCTS_DIR; };
		2617BBA4247E3CE900F17AB1 /* AppDelegate.swift */ = {isa = PBXFileReference; lastKnownFileType = sourcecode.swift; path = AppDelegate.swift; sourceTree = "<group>"; };
		2617BBA6247E3CE900F17AB1 /* SceneDelegate.swift */ = {isa = PBXFileReference; lastKnownFileType = sourcecode.swift; path = SceneDelegate.swift; sourceTree = "<group>"; };
		2617BBA8247E3CE900F17AB1 /* MainViewController.swift */ = {isa = PBXFileReference; lastKnownFileType = sourcecode.swift; path = MainViewController.swift; sourceTree = "<group>"; };
		2617BBAB247E3CE900F17AB1 /* Base */ = {isa = PBXFileReference; lastKnownFileType = file.storyboard; name = Base; path = Base.lproj/Main.storyboard; sourceTree = "<group>"; };
		2617BBAE247E3CE900F17AB1 /* Recipiner.xcdatamodel */ = {isa = PBXFileReference; lastKnownFileType = wrapper.xcdatamodel; path = Recipiner.xcdatamodel; sourceTree = "<group>"; };
		2617BBB0247E3CEC00F17AB1 /* Assets.xcassets */ = {isa = PBXFileReference; lastKnownFileType = folder.assetcatalog; path = Assets.xcassets; sourceTree = "<group>"; };
		2617BBB3247E3CEC00F17AB1 /* Base */ = {isa = PBXFileReference; lastKnownFileType = file.storyboard; name = Base; path = Base.lproj/LaunchScreen.storyboard; sourceTree = "<group>"; };
		2617BBB5247E3CEC00F17AB1 /* Info.plist */ = {isa = PBXFileReference; lastKnownFileType = text.plist.xml; path = Info.plist; sourceTree = "<group>"; };
		2617BBBF247E3D7B00F17AB1 /* RecipeClient.swift */ = {isa = PBXFileReference; lastKnownFileType = sourcecode.swift; path = RecipeClient.swift; sourceTree = "<group>"; };
		2617BBC2247E3DAD00F17AB1 /* RecipeResponse.swift */ = {isa = PBXFileReference; lastKnownFileType = sourcecode.swift; path = RecipeResponse.swift; sourceTree = "<group>"; };
		2617BBC5247E3EF400F17AB1 /* FavoriteTableViewController.swift */ = {isa = PBXFileReference; lastKnownFileType = sourcecode.swift; path = FavoriteTableViewController.swift; sourceTree = "<group>"; };
		2617BBC7247E3F2A00F17AB1 /* FavoriteCollectionViewController.swift */ = {isa = PBXFileReference; lastKnownFileType = sourcecode.swift; path = FavoriteCollectionViewController.swift; sourceTree = "<group>"; };
		2617BBC9247E3F4E00F17AB1 /* DetailViewController.swift */ = {isa = PBXFileReference; lastKnownFileType = sourcecode.swift; path = DetailViewController.swift; sourceTree = "<group>"; };
		2617BBCB247EB7A100F17AB1 /* ErrorResponse.swift */ = {isa = PBXFileReference; lastKnownFileType = sourcecode.swift; path = ErrorResponse.swift; sourceTree = "<group>"; };
		265E9637247EFC7100197B24 /* bk.swiftx */ = {isa = PBXFileReference; lastKnownFileType = text; path = bk.swiftx; sourceTree = "<group>"; };
		265E963A247F121400197B24 /* Recipe+Extension.swift */ = {isa = PBXFileReference; lastKnownFileType = sourcecode.swift; path = "Recipe+Extension.swift"; sourceTree = "<group>"; };
		265E963E247F2C2300197B24 /* RecipeTableCell.swift */ = {isa = PBXFileReference; lastKnownFileType = sourcecode.swift; path = RecipeTableCell.swift; sourceTree = "<group>"; };
		265E9641247F2C7900197B24 /* Cell.swift */ = {isa = PBXFileReference; lastKnownFileType = sourcecode.swift; path = Cell.swift; sourceTree = "<group>"; };
		265E9643247F373500197B24 /* RecipeCollectionCell.swift */ = {isa = PBXFileReference; lastKnownFileType = sourcecode.swift; path = RecipeCollectionCell.swift; sourceTree = "<group>"; };
		265E9646247F38EE00197B24 /* UICollectionView+Extension.swift */ = {isa = PBXFileReference; lastKnownFileType = sourcecode.swift; path = "UICollectionView+Extension.swift"; sourceTree = "<group>"; };
/* End PBXFileReference section */

/* Begin PBXFrameworksBuildPhase section */
		2617BB9E247E3CE900F17AB1 /* Frameworks */ = {
			isa = PBXFrameworksBuildPhase;
			buildActionMask = 2147483647;
			files = (
			);
			runOnlyForDeploymentPostprocessing = 0;
		};
/* End PBXFrameworksBuildPhase section */

/* Begin PBXGroup section */
		2617BB98247E3CE900F17AB1 = {
			isa = PBXGroup;
			children = (
				2617BBA3247E3CE900F17AB1 /* Recipiner */,
				2617BBA2247E3CE900F17AB1 /* Products */,
			);
			sourceTree = "<group>";
		};
		2617BBA2247E3CE900F17AB1 /* Products */ = {
			isa = PBXGroup;
			children = (
				2617BBA1247E3CE900F17AB1 /* Recipiner.app */,
			);
			name = Products;
			sourceTree = "<group>";
		};
		2617BBA3247E3CE900F17AB1 /* Recipiner */ = {
			isa = PBXGroup;
			children = (
				265E9645247F38E400197B24 /* Helpers */,
				265E963C247F2BF400197B24 /* View */,
				2617BBBD247E3D2200F17AB1 /* Model */,
				2617BBBC247E3D1F00F17AB1 /* Controller */,
				2617BBBB247E3D1200F17AB1 /* Assets */,
				2617BBA4247E3CE900F17AB1 /* AppDelegate.swift */,
				2617BBA6247E3CE900F17AB1 /* SceneDelegate.swift */,
				2617BBB5247E3CEC00F17AB1 /* Info.plist */,
			);
			path = Recipiner;
			sourceTree = "<group>";
		};
		2617BBBB247E3D1200F17AB1 /* Assets */ = {
			isa = PBXGroup;
			children = (
				2617BBAA247E3CE900F17AB1 /* Main.storyboard */,
				2617BBB2247E3CEC00F17AB1 /* LaunchScreen.storyboard */,
				2617BBB0247E3CEC00F17AB1 /* Assets.xcassets */,
			);
			path = Assets;
			sourceTree = "<group>";
		};
		2617BBBC247E3D1F00F17AB1 /* Controller */ = {
			isa = PBXGroup;
			children = (
				2617BBA8247E3CE900F17AB1 /* MainViewController.swift */,
				2617BBC5247E3EF400F17AB1 /* FavoriteTableViewController.swift */,
				2617BBC7247E3F2A00F17AB1 /* FavoriteCollectionViewController.swift */,
				2617BBC9247E3F4E00F17AB1 /* DetailViewController.swift */,
			);
			path = Controller;
			sourceTree = "<group>";
		};
		2617BBBD247E3D2200F17AB1 /* Model */ = {
			isa = PBXGroup;
			children = (
				2617BBBE247E3D5C00F17AB1 /* Data */,
				2617BBC1247E3D8200F17AB1 /* Client */,
				2617BBC4247E3DB200F17AB1 /* Responses */,
			);
			name = Model;
			path = "New Group1/Model";
			sourceTree = "<group>";
		};
		2617BBBE247E3D5C00F17AB1 /* Data */ = {
			isa = PBXGroup;
			children = (
				265E9639247F11F800197B24 /* Managed Object Extension */,
				2617BBAD247E3CE900F17AB1 /* Recipiner.xcdatamodeld */,
			);
			path = Data;
			sourceTree = "<group>";
		};
		2617BBC1247E3D8200F17AB1 /* Client */ = {
			isa = PBXGroup;
			children = (
				2617BBBF247E3D7B00F17AB1 /* RecipeClient.swift */,
			);
			path = Client;
			sourceTree = "<group>";
		};
		2617BBC4247E3DB200F17AB1 /* Responses */ = {
			isa = PBXGroup;
			children = (
				2617BBC2247E3DAD00F17AB1 /* RecipeResponse.swift */,
				265E9637247EFC7100197B24 /* bk.swiftx */,
				2617BBCB247EB7A100F17AB1 /* ErrorResponse.swift */,
			);
			path = Responses;
			sourceTree = "<group>";
		};
		265E9639247F11F800197B24 /* Managed Object Extension */ = {
			isa = PBXGroup;
			children = (
				265E963A247F121400197B24 /* Recipe+Extension.swift */,
			);
			path = "Managed Object Extension";
			sourceTree = "<group>";
		};
		265E963C247F2BF400197B24 /* View */ = {
			isa = PBXGroup;
			children = (
				265E9640247F2C6600197B24 /* Protocols */,
				265E963D247F2C0F00197B24 /* Cells */,
			);
			path = View;
			sourceTree = "<group>";
		};
		265E963D247F2C0F00197B24 /* Cells */ = {
			isa = PBXGroup;
			children = (
				265E963E247F2C2300197B24 /* RecipeTableCell.swift */,
				265E9643247F373500197B24 /* RecipeCollectionCell.swift */,
			);
			path = Cells;
			sourceTree = "<group>";
		};
		265E9640247F2C6600197B24 /* Protocols */ = {
			isa = PBXGroup;
			children = (
				265E9641247F2C7900197B24 /* Cell.swift */,
			);
			path = Protocols;
			sourceTree = "<group>";
		};
		265E9645247F38E400197B24 /* Helpers */ = {
			isa = PBXGroup;
			children = (
				265E9646247F38EE00197B24 /* UICollectionView+Extension.swift */,
			);
			path = Helpers;
			sourceTree = "<group>";
		};
/* End PBXGroup section */

/* Begin PBXNativeTarget section */
		2617BBA0247E3CE900F17AB1 /* Recipiner */ = {
			isa = PBXNativeTarget;
			buildConfigurationList = 2617BBB8247E3CEC00F17AB1 /* Build configuration list for PBXNativeTarget "Recipiner" */;
			buildPhases = (
				2617BB9D247E3CE900F17AB1 /* Sources */,
				2617BB9E247E3CE900F17AB1 /* Frameworks */,
				2617BB9F247E3CE900F17AB1 /* Resources */,
			);
			buildRules = (
			);
			dependencies = (
			);
			name = Recipiner;
			productName = Recipiner;
			productReference = 2617BBA1247E3CE900F17AB1 /* Recipiner.app */;
			productType = "com.apple.product-type.application";
		};
/* End PBXNativeTarget section */

/* Begin PBXProject section */
		2617BB99247E3CE900F17AB1 /* Project object */ = {
			isa = PBXProject;
			attributes = {
				LastSwiftUpdateCheck = 1150;
				LastUpgradeCheck = 1150;
				ORGANIZATIONNAME = Vanessa;
				TargetAttributes = {
					2617BBA0247E3CE900F17AB1 = {
						CreatedOnToolsVersion = 11.5;
					};
				};
			};
			buildConfigurationList = 2617BB9C247E3CE900F17AB1 /* Build configuration list for PBXProject "Recipiner" */;
			compatibilityVersion = "Xcode 9.3";
			developmentRegion = en;
			hasScannedForEncodings = 0;
			knownRegions = (
				en,
				Base,
			);
			mainGroup = 2617BB98247E3CE900F17AB1;
			productRefGroup = 2617BBA2247E3CE900F17AB1 /* Products */;
			projectDirPath = "";
			projectRoot = "";
			targets = (
				2617BBA0247E3CE900F17AB1 /* Recipiner */,
			);
		};
/* End PBXProject section */

/* Begin PBXResourcesBuildPhase section */
		2617BB9F247E3CE900F17AB1 /* Resources */ = {
			isa = PBXResourcesBuildPhase;
			buildActionMask = 2147483647;
			files = (
				2617BBB4247E3CEC00F17AB1 /* LaunchScreen.storyboard in Resources */,
				2617BBB1247E3CEC00F17AB1 /* Assets.xcassets in Resources */,
				2617BBAC247E3CE900F17AB1 /* Main.storyboard in Resources */,
			);
			runOnlyForDeploymentPostprocessing = 0;
		};
/* End PBXResourcesBuildPhase section */

/* Begin PBXSourcesBuildPhase section */
		2617BB9D247E3CE900F17AB1 /* Sources */ = {
			isa = PBXSourcesBuildPhase;
			buildActionMask = 2147483647;
			files = (
				265E9647247F38EE00197B24 /* UICollectionView+Extension.swift in Sources */,
				2617BBCA247E3F4E00F17AB1 /* DetailViewController.swift in Sources */,
				2617BBA9247E3CE900F17AB1 /* MainViewController.swift in Sources */,
				2617BBA5247E3CE900F17AB1 /* AppDelegate.swift in Sources */,
				2617BBC3247E3DAD00F17AB1 /* RecipeResponse.swift in Sources */,
				2617BBC0247E3D7B00F17AB1 /* RecipeClient.swift in Sources */,
				265E963F247F2C2300197B24 /* RecipeTableCell.swift in Sources */,
				2617BBCC247EB7A100F17AB1 /* ErrorResponse.swift in Sources */,
				2617BBC8247E3F2A00F17AB1 /* FavoriteCollectionViewController.swift in Sources */,
				2617BBA7247E3CE900F17AB1 /* SceneDelegate.swift in Sources */,
				265E9642247F2C7900197B24 /* Cell.swift in Sources */,
				2617BBAF247E3CE900F17AB1 /* Recipiner.xcdatamodeld in Sources */,
				265E963B247F121400197B24 /* Recipe+Extension.swift in Sources */,
				265E9644247F373500197B24 /* RecipeCollectionCell.swift in Sources */,
				2617BBC6247E3EF400F17AB1 /* FavoriteTableViewController.swift in Sources */,
				265E9638247EFC7100197B24 /* bk.swiftx in Sources */,
			);
			runOnlyForDeploymentPostprocessing = 0;
		};
/* End PBXSourcesBuildPhase section */

/* Begin PBXVariantGroup section */
		2617BBAA247E3CE900F17AB1 /* Main.storyboard */ = {
			isa = PBXVariantGroup;
			children = (
				2617BBAB247E3CE900F17AB1 /* Base */,
			);
			name = Main.storyboard;
			sourceTree = "<group>";
		};
		2617BBB2247E3CEC00F17AB1 /* LaunchScreen.storyboard */ = {
			isa = PBXVariantGroup;
			children = (
				2617BBB3247E3CEC00F17AB1 /* Base */,
			);
			name = LaunchScreen.storyboard;
			sourceTree = "<group>";
		};
/* End PBXVariantGroup section */

/* Begin XCBuildConfiguration section */
		2617BBB6247E3CEC00F17AB1 /* Debug */ = {
			isa = XCBuildConfiguration;
			buildSettings = {
				ALWAYS_SEARCH_USER_PATHS = NO;
				CLANG_ANALYZER_NONNULL = YES;
				CLANG_ANALYZER_NUMBER_OBJECT_CONVERSION = YES_AGGRESSIVE;
				CLANG_CXX_LANGUAGE_STANDARD = "gnu++14";
				CLANG_CXX_LIBRARY = "libc++";
				CLANG_ENABLE_MODULES = YES;
				CLANG_ENABLE_OBJC_ARC = YES;
				CLANG_ENABLE_OBJC_WEAK = YES;
				CLANG_WARN_BLOCK_CAPTURE_AUTORELEASING = YES;
				CLANG_WARN_BOOL_CONVERSION = YES;
				CLANG_WARN_COMMA = YES;
				CLANG_WARN_CONSTANT_CONVERSION = YES;
				CLANG_WARN_DEPRECATED_OBJC_IMPLEMENTATIONS = YES;
				CLANG_WARN_DIRECT_OBJC_ISA_USAGE = YES_ERROR;
				CLANG_WARN_DOCUMENTATION_COMMENTS = YES;
				CLANG_WARN_EMPTY_BODY = YES;
				CLANG_WARN_ENUM_CONVERSION = YES;
				CLANG_WARN_INFINITE_RECURSION = YES;
				CLANG_WARN_INT_CONVERSION = YES;
				CLANG_WARN_NON_LITERAL_NULL_CONVERSION = YES;
				CLANG_WARN_OBJC_IMPLICIT_RETAIN_SELF = YES;
				CLANG_WARN_OBJC_LITERAL_CONVERSION = YES;
				CLANG_WARN_OBJC_ROOT_CLASS = YES_ERROR;
				CLANG_WARN_RANGE_LOOP_ANALYSIS = YES;
				CLANG_WARN_STRICT_PROTOTYPES = YES;
				CLANG_WARN_SUSPICIOUS_MOVE = YES;
				CLANG_WARN_UNGUARDED_AVAILABILITY = YES_AGGRESSIVE;
				CLANG_WARN_UNREACHABLE_CODE = YES;
				CLANG_WARN__DUPLICATE_METHOD_MATCH = YES;
				COPY_PHASE_STRIP = NO;
				DEBUG_INFORMATION_FORMAT = dwarf;
				ENABLE_STRICT_OBJC_MSGSEND = YES;
				ENABLE_TESTABILITY = YES;
				GCC_C_LANGUAGE_STANDARD = gnu11;
				GCC_DYNAMIC_NO_PIC = NO;
				GCC_NO_COMMON_BLOCKS = YES;
				GCC_OPTIMIZATION_LEVEL = 0;
				GCC_PREPROCESSOR_DEFINITIONS = (
					"DEBUG=1",
					"$(inherited)",
				);
				GCC_WARN_64_TO_32_BIT_CONVERSION = YES;
				GCC_WARN_ABOUT_RETURN_TYPE = YES_ERROR;
				GCC_WARN_UNDECLARED_SELECTOR = YES;
				GCC_WARN_UNINITIALIZED_AUTOS = YES_AGGRESSIVE;
				GCC_WARN_UNUSED_FUNCTION = YES;
				GCC_WARN_UNUSED_VARIABLE = YES;
				IPHONEOS_DEPLOYMENT_TARGET = 13.5;
				MTL_ENABLE_DEBUG_INFO = INCLUDE_SOURCE;
				MTL_FAST_MATH = YES;
				ONLY_ACTIVE_ARCH = YES;
				SDKROOT = iphoneos;
				SWIFT_ACTIVE_COMPILATION_CONDITIONS = DEBUG;
				SWIFT_OPTIMIZATION_LEVEL = "-Onone";
			};
			name = Debug;
		};
		2617BBB7247E3CEC00F17AB1 /* Release */ = {
			isa = XCBuildConfiguration;
			buildSettings = {
				ALWAYS_SEARCH_USER_PATHS = NO;
				CLANG_ANALYZER_NONNULL = YES;
				CLANG_ANALYZER_NUMBER_OBJECT_CONVERSION = YES_AGGRESSIVE;
				CLANG_CXX_LANGUAGE_STANDARD = "gnu++14";
				CLANG_CXX_LIBRARY = "libc++";
				CLANG_ENABLE_MODULES = YES;
				CLANG_ENABLE_OBJC_ARC = YES;
				CLANG_ENABLE_OBJC_WEAK = YES;
				CLANG_WARN_BLOCK_CAPTURE_AUTORELEASING = YES;
				CLANG_WARN_BOOL_CONVERSION = YES;
				CLANG_WARN_COMMA = YES;
				CLANG_WARN_CONSTANT_CONVERSION = YES;
				CLANG_WARN_DEPRECATED_OBJC_IMPLEMENTATIONS = YES;
				CLANG_WARN_DIRECT_OBJC_ISA_USAGE = YES_ERROR;
				CLANG_WARN_DOCUMENTATION_COMMENTS = YES;
				CLANG_WARN_EMPTY_BODY = YES;
				CLANG_WARN_ENUM_CONVERSION = YES;
				CLANG_WARN_INFINITE_RECURSION = YES;
				CLANG_WARN_INT_CONVERSION = YES;
				CLANG_WARN_NON_LITERAL_NULL_CONVERSION = YES;
				CLANG_WARN_OBJC_IMPLICIT_RETAIN_SELF = YES;
				CLANG_WARN_OBJC_LITERAL_CONVERSION = YES;
				CLANG_WARN_OBJC_ROOT_CLASS = YES_ERROR;
				CLANG_WARN_RANGE_LOOP_ANALYSIS = YES;
				CLANG_WARN_STRICT_PROTOTYPES = YES;
				CLANG_WARN_SUSPICIOUS_MOVE = YES;
				CLANG_WARN_UNGUARDED_AVAILABILITY = YES_AGGRESSIVE;
				CLANG_WARN_UNREACHABLE_CODE = YES;
				CLANG_WARN__DUPLICATE_METHOD_MATCH = YES;
				COPY_PHASE_STRIP = NO;
				DEBUG_INFORMATION_FORMAT = "dwarf-with-dsym";
				ENABLE_NS_ASSERTIONS = NO;
				ENABLE_STRICT_OBJC_MSGSEND = YES;
				GCC_C_LANGUAGE_STANDARD = gnu11;
				GCC_NO_COMMON_BLOCKS = YES;
				GCC_WARN_64_TO_32_BIT_CONVERSION = YES;
				GCC_WARN_ABOUT_RETURN_TYPE = YES_ERROR;
				GCC_WARN_UNDECLARED_SELECTOR = YES;
				GCC_WARN_UNINITIALIZED_AUTOS = YES_AGGRESSIVE;
				GCC_WARN_UNUSED_FUNCTION = YES;
				GCC_WARN_UNUSED_VARIABLE = YES;
				IPHONEOS_DEPLOYMENT_TARGET = 13.5;
				MTL_ENABLE_DEBUG_INFO = NO;
				MTL_FAST_MATH = YES;
				SDKROOT = iphoneos;
				SWIFT_COMPILATION_MODE = wholemodule;
				SWIFT_OPTIMIZATION_LEVEL = "-O";
				VALIDATE_PRODUCT = YES;
			};
			name = Release;
		};
		2617BBB9247E3CEC00F17AB1 /* Debug */ = {
			isa = XCBuildConfiguration;
			buildSettings = {
				ASSETCATALOG_COMPILER_APPICON_NAME = AppIcon;
				CODE_SIGN_STYLE = Automatic;
				DEVELOPMENT_TEAM = D78RLA5R6C;
				INFOPLIST_FILE = Recipiner/Info.plist;
				LD_RUNPATH_SEARCH_PATHS = (
					"$(inherited)",
					"@executable_path/Frameworks",
				);
				PRODUCT_BUNDLE_IDENTIFIER = com.Recipiner;
				PRODUCT_NAME = "$(TARGET_NAME)";
				SWIFT_VERSION = 5.0;
				TARGETED_DEVICE_FAMILY = "1,2";
			};
			name = Debug;
		};
		2617BBBA247E3CEC00F17AB1 /* Release */ = {
			isa = XCBuildConfiguration;
			buildSettings = {
				ASSETCATALOG_COMPILER_APPICON_NAME = AppIcon;
				CODE_SIGN_STYLE = Automatic;
				DEVELOPMENT_TEAM = D78RLA5R6C;
				INFOPLIST_FILE = Recipiner/Info.plist;
				LD_RUNPATH_SEARCH_PATHS = (
					"$(inherited)",
					"@executable_path/Frameworks",
				);
				PRODUCT_BUNDLE_IDENTIFIER = com.Recipiner;
				PRODUCT_NAME = "$(TARGET_NAME)";
				SWIFT_VERSION = 5.0;
				TARGETED_DEVICE_FAMILY = "1,2";
			};
			name = Release;
		};
/* End XCBuildConfiguration section */

/* Begin XCConfigurationList section */
		2617BB9C247E3CE900F17AB1 /* Build configuration list for PBXProject "Recipiner" */ = {
			isa = XCConfigurationList;
			buildConfigurations = (
				2617BBB6247E3CEC00F17AB1 /* Debug */,
				2617BBB7247E3CEC00F17AB1 /* Release */,
			);
			defaultConfigurationIsVisible = 0;
			defaultConfigurationName = Release;
		};
		2617BBB8247E3CEC00F17AB1 /* Build configuration list for PBXNativeTarget "Recipiner" */ = {
			isa = XCConfigurationList;
			buildConfigurations = (
				2617BBB9247E3CEC00F17AB1 /* Debug */,
				2617BBBA247E3CEC00F17AB1 /* Release */,
			);
			defaultConfigurationIsVisible = 0;
			defaultConfigurationName = Release;
		};
/* End XCConfigurationList section */

/* Begin XCVersionGroup section */
		2617BBAD247E3CE900F17AB1 /* Recipiner.xcdatamodeld */ = {
			isa = XCVersionGroup;
			children = (
				2617BBAE247E3CE900F17AB1 /* Recipiner.xcdatamodel */,
			);
			currentVersion = 2617BBAE247E3CE900F17AB1 /* Recipiner.xcdatamodel */;
			path = Recipiner.xcdatamodeld;
			sourceTree = "<group>";
			versionGroupType = wrapper.xcdatamodel;
		};
/* End XCVersionGroup section */
	};
	rootObject = 2617BB99247E3CE900F17AB1 /* Project object */;
}
